
Microsoft Visual Studio Solution File, Format Version 12.00
# Visual Studio Version 17
VisualStudioVersion = 17.3.32825.248
MinimumVisualStudioVersion = 10.0.40219.1
Project("{FAE04EC0-301F-11D3-BF4B-00C04F79EFBC}") = "cbradio", "cbradio\cbradio.csproj", "{2CB0A055-4B71-4E1B-A050-6E9751979C6F}"
EndProject
Global
	GlobalSection(SolutionConfigurationPlatforms) = preSolution
		Debug|Any CPU = Debug|Any CPU
		Release|Any CPU = Release|Any CPU
	EndGlobalSection
	GlobalSection(ProjectConfigurationPlatforms) = postSolution
		{2CB0A055-4B71-4E1B-A050-6E9751979C6F}.Debug|Any CPU.ActiveCfg = Debug|Any CPU
		{2CB0A055-4B71-4E1B-A050-6E9751979C6F}.Debug|Any CPU.Build.0 = Debug|Any CPU
		{2CB0A055-4B71-4E1B-A050-6E9751979C6F}.Release|Any CPU.ActiveCfg = Release|Any CPU
		{2CB0A055-4B71-4E1B-A050-6E9751979C6F}.Release|Any CPU.Build.0 = Release|Any CPU
	EndGlobalSection
	GlobalSection(SolutionProperties) = preSolution
		HideSolutionNode = FALSE
	EndGlobalSection
	GlobalSection(ExtensibilityGlobals) = postSolution
		SolutionGuid = {C07A3263-F469-49DF-9D92-DC44DAE5E1D2}
	EndGlobalSection
EndGlobal
